
Microsoft Visual Studio Solution File, Format Version 12.00
# Visual Studio Version 17
VisualStudioVersion = 17.7.34202.233
MinimumVisualStudioVersion = 10.0.40219.1
Project("{FAE04EC0-301F-11D3-BF4B-00C04F79EFBC}") = "BackPropagation", "BackPropagation\BackPropagation.csproj", "{531FF937-7D61-4361-9B70-AFE793185533}"
EndProject
Project("{2150E333-8FDC-42A3-9474-1A3956D46DE8}") = "Solution Items", "Solution Items", "{B9FAE7D2-738E-4D65-8CC3-5A1F390526BD}"
EndProject
Global
	GlobalSection(SolutionConfigurationPlatforms) = preSolution
		Debug|Any CPU = Debug|Any CPU
		Release|Any CPU = Release|Any CPU
	EndGlobalSection
	GlobalSection(ProjectConfigurationPlatforms) = postSolution
		{531FF937-7D61-4361-9B70-AFE793185533}.Debug|Any CPU.ActiveCfg = Debug|Any CPU
		{531FF937-7D61-4361-9B70-AFE793185533}.Debug|Any CPU.Build.0 = Debug|Any CPU
		{531FF937-7D61-4361-9B70-AFE793185533}.Release|Any CPU.ActiveCfg = Release|Any CPU
		{531FF937-7D61-4361-9B70-AFE793185533}.Release|Any CPU.Build.0 = Release|Any CPU
	EndGlobalSection
	GlobalSection(SolutionProperties) = preSolution
		HideSolutionNode = FALSE
	EndGlobalSection
	GlobalSection(ExtensibilityGlobals) = postSolution
		SolutionGuid = {039CC530-DACF-4A14-B2C1-86CD9651F7C7}
	EndGlobalSection
EndGlobal
